// !$*UTF8*$!
{
	archiveVersion = 1;
	classes = {
	};
	objectVersion = 50;
	objects = {

/* Begin PBXBuildFile section */
		378F1B4CD72586FFEF9155F5 /* Pods_HelloMyTopMenu.framework in Frameworks */ = {isa = PBXBuildFile; fileRef = BB53093FCD74AB82D7EEA0E5 /* Pods_HelloMyTopMenu.framework */; };
		632FD14923C782F3009E654D /* AppDelegate.swift in Sources */ = {isa = PBXBuildFile; fileRef = 632FD14823C782F3009E654D /* AppDelegate.swift */; };
		632FD14D23C782F3009E654D /* ViewController.swift in Sources */ = {isa = PBXBuildFile; fileRef = 632FD14C23C782F3009E654D /* ViewController.swift */; };
		632FD15023C782F3009E654D /* Main.storyboard in Resources */ = {isa = PBXBuildFile; fileRef = 632FD14E23C782F3009E654D /* Main.storyboard */; };
		632FD15223C782F6009E654D /* Assets.xcassets in Resources */ = {isa = PBXBuildFile; fileRef = 632FD15123C782F6009E654D /* Assets.xcassets */; };
		632FD15523C782F6009E654D /* LaunchScreen.storyboard in Resources */ = {isa = PBXBuildFile; fileRef = 632FD15323C782F6009E654D /* LaunchScreen.storyboard */; };
		632FD15F23C78795009E654D /* ItemCellView.xib in Resources */ = {isa = PBXBuildFile; fileRef = 632FD15E23C78794009E654D /* ItemCellView.xib */; };
		632FD16123C787A9009E654D /* ItemCellView.swift in Sources */ = {isa = PBXBuildFile; fileRef = 632FD16023C787A9009E654D /* ItemCellView.swift */; };
		632FD22523C7A756009E654D /* Util.swift in Sources */ = {isa = PBXBuildFile; fileRef = 632FD22423C7A756009E654D /* Util.swift */; };
/* End PBXBuildFile section */

/* Begin PBXFileReference section */
		591C719BEBFD4552AC988EFA /* Pods-HelloMyTopMenu.release.xcconfig */ = {isa = PBXFileReference; includeInIndex = 1; lastKnownFileType = text.xcconfig; name = "Pods-HelloMyTopMenu.release.xcconfig"; path = "Target Support Files/Pods-HelloMyTopMenu/Pods-HelloMyTopMenu.release.xcconfig"; sourceTree = "<group>"; };
		632FD14523C782F3009E654D /* HelloMyTopMenu.app */ = {isa = PBXFileReference; explicitFileType = wrapper.application; includeInIndex = 0; path = HelloMyTopMenu.app; sourceTree = BUILT_PRODUCTS_DIR; };
		632FD14823C782F3009E654D /* AppDelegate.swift */ = {isa = PBXFileReference; lastKnownFileType = sourcecode.swift; path = AppDelegate.swift; sourceTree = "<group>"; };
		632FD14C23C782F3009E654D /* ViewController.swift */ = {isa = PBXFileReference; lastKnownFileType = sourcecode.swift; path = ViewController.swift; sourceTree = "<group>"; };
		632FD14F23C782F3009E654D /* Base */ = {isa = PBXFileReference; lastKnownFileType = file.storyboard; name = Base; path = Base.lproj/Main.storyboard; sourceTree = "<group>"; };
		632FD15123C782F6009E654D /* Assets.xcassets */ = {isa = PBXFileReference; lastKnownFileType = folder.assetcatalog; path = Assets.xcassets; sourceTree = "<group>"; };
		632FD15423C782F6009E654D /* Base */ = {isa = PBXFileReference; lastKnownFileType = file.storyboard; name = Base; path = Base.lproj/LaunchScreen.storyboard; sourceTree = "<group>"; };
		632FD15623C782F6009E654D /* Info.plist */ = {isa = PBXFileReference; lastKnownFileType = text.plist.xml; path = Info.plist; sourceTree = "<group>"; };
		632FD15E23C78794009E654D /* ItemCellView.xib */ = {isa = PBXFileReference; lastKnownFileType = file.xib; path = ItemCellView.xib; sourceTree = "<group>"; };
		632FD16023C787A9009E654D /* ItemCellView.swift */ = {isa = PBXFileReference; lastKnownFileType = sourcecode.swift; path = ItemCellView.swift; sourceTree = "<group>"; };
		632FD22423C7A756009E654D /* Util.swift */ = {isa = PBXFileReference; lastKnownFileType = sourcecode.swift; path = Util.swift; sourceTree = "<group>"; };
		7E559686EDDACDB41894ABCF /* Pods-HelloMyTopMenu.debug.xcconfig */ = {isa = PBXFileReference; includeInIndex = 1; lastKnownFileType = text.xcconfig; name = "Pods-HelloMyTopMenu.debug.xcconfig"; path = "Target Support Files/Pods-HelloMyTopMenu/Pods-HelloMyTopMenu.debug.xcconfig"; sourceTree = "<group>"; };
		BB53093FCD74AB82D7EEA0E5 /* Pods_HelloMyTopMenu.framework */ = {isa = PBXFileReference; explicitFileType = wrapper.framework; includeInIndex = 0; path = Pods_HelloMyTopMenu.framework; sourceTree = BUILT_PRODUCTS_DIR; };
/* End PBXFileReference section */

/* Begin PBXFrameworksBuildPhase section */
		632FD14223C782F3009E654D /* Frameworks */ = {
			isa = PBXFrameworksBuildPhase;
			buildActionMask = 2147483647;
			files = (
				378F1B4CD72586FFEF9155F5 /* Pods_HelloMyTopMenu.framework in Frameworks */,
			);
			runOnlyForDeploymentPostprocessing = 0;
		};
/* End PBXFrameworksBuildPhase section */

/* Begin PBXGroup section */
		6031D8137285AE077B421ADF /* Frameworks */ = {
			isa = PBXGroup;
			children = (
				BB53093FCD74AB82D7EEA0E5 /* Pods_HelloMyTopMenu.framework */,
			);
			name = Frameworks;
			sourceTree = "<group>";
		};
		632FD13C23C782F3009E654D = {
			isa = PBXGroup;
			children = (
				632FD14723C782F3009E654D /* HelloMyTopMenu */,
				632FD14623C782F3009E654D /* Products */,
				CDC5ACED9F6AC1BBDA6FF289 /* Pods */,
				6031D8137285AE077B421ADF /* Frameworks */,
			);
			sourceTree = "<group>";
		};
		632FD14623C782F3009E654D /* Products */ = {
			isa = PBXGroup;
			children = (
				632FD14523C782F3009E654D /* HelloMyTopMenu.app */,
			);
			name = Products;
			sourceTree = "<group>";
		};
		632FD14723C782F3009E654D /* HelloMyTopMenu */ = {
			isa = PBXGroup;
			children = (
				632FD14823C782F3009E654D /* AppDelegate.swift */,
				632FD14C23C782F3009E654D /* ViewController.swift */,
				632FD16023C787A9009E654D /* ItemCellView.swift */,
				632FD22423C7A756009E654D /* Util.swift */,
				632FD15E23C78794009E654D /* ItemCellView.xib */,
				632FD14E23C782F3009E654D /* Main.storyboard */,
				632FD15123C782F6009E654D /* Assets.xcassets */,
				632FD15323C782F6009E654D /* LaunchScreen.storyboard */,
				632FD15623C782F6009E654D /* Info.plist */,
			);
			path = HelloMyTopMenu;
			sourceTree = "<group>";
		};
		CDC5ACED9F6AC1BBDA6FF289 /* Pods */ = {
			isa = PBXGroup;
			children = (
				7E559686EDDACDB41894ABCF /* Pods-HelloMyTopMenu.debug.xcconfig */,
				591C719BEBFD4552AC988EFA /* Pods-HelloMyTopMenu.release.xcconfig */,
			);
			path = Pods;
			sourceTree = "<group>";
		};
/* End PBXGroup section */

/* Begin PBXNativeTarget section */
		632FD14423C782F3009E654D /* HelloMyTopMenu */ = {
			isa = PBXNativeTarget;
			buildConfigurationList = 632FD15923C782F6009E654D /* Build configuration list for PBXNativeTarget "HelloMyTopMenu" */;
			buildPhases = (
				2B1F36B671772C877949365A /* [CP] Check Pods Manifest.lock */,
				632FD14123C782F3009E654D /* Sources */,
				632FD14223C782F3009E654D /* Frameworks */,
				632FD14323C782F3009E654D /* Resources */,
				2856C5B417764C99BC8AEA24 /* [CP] Embed Pods Frameworks */,
			);
			buildRules = (
			);
			dependencies = (
			);
			name = HelloMyTopMenu;
			productName = HelloMyTopMenu;
			productReference = 632FD14523C782F3009E654D /* HelloMyTopMenu.app */;
			productType = "com.apple.product-type.application";
		};
/* End PBXNativeTarget section */

/* Begin PBXProject section */
		632FD13D23C782F3009E654D /* Project object */ = {
			isa = PBXProject;
			attributes = {
				LastSwiftUpdateCheck = 1130;
				LastUpgradeCheck = 1130;
				ORGANIZATIONNAME = Lazy;
				TargetAttributes = {
					632FD14423C782F3009E654D = {
						CreatedOnToolsVersion = 11.3;
					};
				};
			};
			buildConfigurationList = 632FD14023C782F3009E654D /* Build configuration list for PBXProject "HelloMyTopMenu" */;
			compatibilityVersion = "Xcode 9.3";
			developmentRegion = en;
			hasScannedForEncodings = 0;
			knownRegions = (
				en,
				Base,
			);
			mainGroup = 632FD13C23C782F3009E654D;
			productRefGroup = 632FD14623C782F3009E654D /* Products */;
			projectDirPath = "";
			projectRoot = "";
			targets = (
				632FD14423C782F3009E654D /* HelloMyTopMenu */,
			);
		};
/* End PBXProject section */

/* Begin PBXResourcesBuildPhase section */
		632FD14323C782F3009E654D /* Resources */ = {
			isa = PBXResourcesBuildPhase;
			buildActionMask = 2147483647;
			files = (
				632FD15523C782F6009E654D /* LaunchScreen.storyboard in Resources */,
				632FD15223C782F6009E654D /* Assets.xcassets in Resources */,
				632FD15023C782F3009E654D /* Main.storyboard in Resources */,
				632FD15F23C78795009E654D /* ItemCellView.xib in Resources */,
			);
			runOnlyForDeploymentPostprocessing = 0;
		};
/* End PBXResourcesBuildPhase section */

/* Begin PBXShellScriptBuildPhase section */
		2856C5B417764C99BC8AEA24 /* [CP] Embed Pods Frameworks */ = {
			isa = PBXShellScriptBuildPhase;
			buildActionMask = 2147483647;
			files = (
			);
			inputFileListPaths = (
			);
			name = "[CP] Embed Pods Frameworks";
			outputFileListPaths = (
			);
			runOnlyForDeploymentPostprocessing = 0;
			shellPath = /bin/sh;
			shellScript = "\"${PODS_ROOT}/Target Support Files/Pods-HelloMyTopMenu/Pods-HelloMyTopMenu-frameworks.sh\"\n";
			showEnvVarsInLog = 0;
		};
		2B1F36B671772C877949365A /* [CP] Check Pods Manifest.lock */ = {
			isa = PBXShellScriptBuildPhase;
			buildActionMask = 2147483647;
			files = (
			);
			inputFileListPaths = (
			);
			inputPaths = (
				"${PODS_PODFILE_DIR_PATH}/Podfile.lock",
				"${PODS_ROOT}/Manifest.lock",
			);
			name = "[CP] Check Pods Manifest.lock";
			outputFileListPaths = (
			);
			outputPaths = (
				"$(DERIVED_FILE_DIR)/Pods-HelloMyTopMenu-checkManifestLockResult.txt",
			);
			runOnlyForDeploymentPostprocessing = 0;
			shellPath = /bin/sh;
			shellScript = "diff \"${PODS_PODFILE_DIR_PATH}/Podfile.lock\" \"${PODS_ROOT}/Manifest.lock\" > /dev/null\nif [ $? != 0 ] ; then\n    # print error to STDERR\n    echo \"error: The sandbox is not in sync with the Podfile.lock. Run 'pod install' or update your CocoaPods installation.\" >&2\n    exit 1\nfi\n# This output is used by Xcode 'outputs' to avoid re-running this script phase.\necho \"SUCCESS\" > \"${SCRIPT_OUTPUT_FILE_0}\"\n";
			showEnvVarsInLog = 0;
		};
/* End PBXShellScriptBuildPhase section */

/* Begin PBXSourcesBuildPhase section */
		632FD14123C782F3009E654D /* Sources */ = {
			isa = PBXSourcesBuildPhase;
			buildActionMask = 2147483647;
			files = (
				632FD16123C787A9009E654D /* ItemCellView.swift in Sources */,
				632FD14D23C782F3009E654D /* ViewController.swift in Sources */,
				632FD14923C782F3009E654D /* AppDelegate.swift in Sources */,
				632FD22523C7A756009E654D /* Util.swift in Sources */,
			);
			runOnlyForDeploymentPostprocessing = 0;
		};
/* End PBXSourcesBuildPhase section */

/* Begin PBXVariantGroup section */
		632FD14E23C782F3009E654D /* Main.storyboard */ = {
			isa = PBXVariantGroup;
			children = (
				632FD14F23C782F3009E654D /* Base */,
			);
			name = Main.storyboard;
			sourceTree = "<group>";
		};
		632FD15323C782F6009E654D /* LaunchScreen.storyboard */ = {
			isa = PBXVariantGroup;
			children = (
				632FD15423C782F6009E654D /* Base */,
			);
			name = LaunchScreen.storyboard;
			sourceTree = "<group>";
		};
/* End PBXVariantGroup section */

/* Begin XCBuildConfiguration section */
		632FD15723C782F6009E654D /* Debug */ = {
			isa = XCBuildConfiguration;
			buildSettings = {
				ALWAYS_SEARCH_USER_PATHS = NO;
				CLANG_ANALYZER_NONNULL = YES;
				CLANG_ANALYZER_NUMBER_OBJECT_CONVERSION = YES_AGGRESSIVE;
				CLANG_CXX_LANGUAGE_STANDARD = "gnu++14";
				CLANG_CXX_LIBRARY = "libc++";
				CLANG_ENABLE_MODULES = YES;
				CLANG_ENABLE_OBJC_ARC = YES;
				CLANG_ENABLE_OBJC_WEAK = YES;
				CLANG_WARN_BLOCK_CAPTURE_AUTORELEASING = YES;
				CLANG_WARN_BOOL_CONVERSION = YES;
				CLANG_WARN_COMMA = YES;
				CLANG_WARN_CONSTANT_CONVERSION = YES;
				CLANG_WARN_DEPRECATED_OBJC_IMPLEMENTATIONS = YES;
				CLANG_WARN_DIRECT_OBJC_ISA_USAGE = YES_ERROR;
				CLANG_WARN_DOCUMENTATION_COMMENTS = YES;
				CLANG_WARN_EMPTY_BODY = YES;
				CLANG_WARN_ENUM_CONVERSION = YES;
				CLANG_WARN_INFINITE_RECURSION = YES;
				CLANG_WARN_INT_CONVERSION = YES;
				CLANG_WARN_NON_LITERAL_NULL_CONVERSION = YES;
				CLANG_WARN_OBJC_IMPLICIT_RETAIN_SELF = YES;
				CLANG_WARN_OBJC_LITERAL_CONVERSION = YES;
				CLANG_WARN_OBJC_ROOT_CLASS = YES_ERROR;
				CLANG_WARN_RANGE_LOOP_ANALYSIS = YES;
				CLANG_WARN_STRICT_PROTOTYPES = YES;
				CLANG_WARN_SUSPICIOUS_MOVE = YES;
				CLANG_WARN_UNGUARDED_AVAILABILITY = YES_AGGRESSIVE;
				CLANG_WARN_UNREACHABLE_CODE = YES;
				CLANG_WARN__DUPLICATE_METHOD_MATCH = YES;
				COPY_PHASE_STRIP = NO;
				DEBUG_INFORMATION_FORMAT = dwarf;
				ENABLE_STRICT_OBJC_MSGSEND = YES;
				ENABLE_TESTABILITY = YES;
				GCC_C_LANGUAGE_STANDARD = gnu11;
				GCC_DYNAMIC_NO_PIC = NO;
				GCC_NO_COMMON_BLOCKS = YES;
				GCC_OPTIMIZATION_LEVEL = 0;
				GCC_PREPROCESSOR_DEFINITIONS = (
					"DEBUG=1",
					"$(inherited)",
				);
				GCC_WARN_64_TO_32_BIT_CONVERSION = YES;
				GCC_WARN_ABOUT_RETURN_TYPE = YES_ERROR;
				GCC_WARN_UNDECLARED_SELECTOR = YES;
				GCC_WARN_UNINITIALIZED_AUTOS = YES_AGGRESSIVE;
				GCC_WARN_UNUSED_FUNCTION = YES;
				GCC_WARN_UNUSED_VARIABLE = YES;
				IPHONEOS_DEPLOYMENT_TARGET = 13.2;
				MTL_ENABLE_DEBUG_INFO = INCLUDE_SOURCE;
				MTL_FAST_MATH = YES;
				ONLY_ACTIVE_ARCH = YES;
				SDKROOT = iphoneos;
				SWIFT_ACTIVE_COMPILATION_CONDITIONS = DEBUG;
				SWIFT_OPTIMIZATION_LEVEL = "-Onone";
			};
			name = Debug;
		};
		632FD15823C782F6009E654D /* Release */ = {
			isa = XCBuildConfiguration;
			buildSettings = {
				ALWAYS_SEARCH_USER_PATHS = NO;
				CLANG_ANALYZER_NONNULL = YES;
				CLANG_ANALYZER_NUMBER_OBJECT_CONVERSION = YES_AGGRESSIVE;
				CLANG_CXX_LANGUAGE_STANDARD = "gnu++14";
				CLANG_CXX_LIBRARY = "libc++";
				CLANG_ENABLE_MODULES = YES;
				CLANG_ENABLE_OBJC_ARC = YES;
				CLANG_ENABLE_OBJC_WEAK = YES;
				CLANG_WARN_BLOCK_CAPTURE_AUTORELEASING = YES;
				CLANG_WARN_BOOL_CONVERSION = YES;
				CLANG_WARN_COMMA = YES;
				CLANG_WARN_CONSTANT_CONVERSION = YES;
				CLANG_WARN_DEPRECATED_OBJC_IMPLEMENTATIONS = YES;
				CLANG_WARN_DIRECT_OBJC_ISA_USAGE = YES_ERROR;
				CLANG_WARN_DOCUMENTATION_COMMENTS = YES;
				CLANG_WARN_EMPTY_BODY = YES;
				CLANG_WARN_ENUM_CONVERSION = YES;
				CLANG_WARN_INFINITE_RECURSION = YES;
				CLANG_WARN_INT_CONVERSION = YES;
				CLANG_WARN_NON_LITERAL_NULL_CONVERSION = YES;
				CLANG_WARN_OBJC_IMPLICIT_RETAIN_SELF = YES;
				CLANG_WARN_OBJC_LITERAL_CONVERSION = YES;
				CLANG_WARN_OBJC_ROOT_CLASS = YES_ERROR;
				CLANG_WARN_RANGE_LOOP_ANALYSIS = YES;
				CLANG_WARN_STRICT_PROTOTYPES = YES;
				CLANG_WARN_SUSPICIOUS_MOVE = YES;
				CLANG_WARN_UNGUARDED_AVAILABILITY = YES_AGGRESSIVE;
				CLANG_WARN_UNREACHABLE_CODE = YES;
				CLANG_WARN__DUPLICATE_METHOD_MATCH = YES;
				COPY_PHASE_STRIP = NO;
				DEBUG_INFORMATION_FORMAT = "dwarf-with-dsym";
				ENABLE_NS_ASSERTIONS = NO;
				ENABLE_STRICT_OBJC_MSGSEND = YES;
				GCC_C_LANGUAGE_STANDARD = gnu11;
				GCC_NO_COMMON_BLOCKS = YES;
				GCC_WARN_64_TO_32_BIT_CONVERSION = YES;
				GCC_WARN_ABOUT_RETURN_TYPE = YES_ERROR;
				GCC_WARN_UNDECLARED_SELECTOR = YES;
				GCC_WARN_UNINITIALIZED_AUTOS = YES_AGGRESSIVE;
				GCC_WARN_UNUSED_FUNCTION = YES;
				GCC_WARN_UNUSED_VARIABLE = YES;
				IPHONEOS_DEPLOYMENT_TARGET = 13.2;
				MTL_ENABLE_DEBUG_INFO = NO;
				MTL_FAST_MATH = YES;
				SDKROOT = iphoneos;
				SWIFT_COMPILATION_MODE = wholemodule;
				SWIFT_OPTIMIZATION_LEVEL = "-O";
				VALIDATE_PRODUCT = YES;
			};
			name = Release;
		};
		632FD15A23C782F6009E654D /* Debug */ = {
			isa = XCBuildConfiguration;
			baseConfigurationReference = 7E559686EDDACDB41894ABCF /* Pods-HelloMyTopMenu.debug.xcconfig */;
			buildSettings = {
				ASSETCATALOG_COMPILER_APPICON_NAME = AppIcon;
				CODE_SIGN_STYLE = Automatic;
				INFOPLIST_FILE = HelloMyTopMenu/Info.plist;
				IPHONEOS_DEPLOYMENT_TARGET = 11.0;
				LD_RUNPATH_SEARCH_PATHS = (
					"$(inherited)",
					"@executable_path/Frameworks",
				);
				PRODUCT_BUNDLE_IDENTIFIER = com.lazy.HelloMyTopMenu;
				PRODUCT_NAME = "$(TARGET_NAME)";
				SWIFT_VERSION = 5.0;
				TARGETED_DEVICE_FAMILY = "1,2";
			};
			name = Debug;
		};
		632FD15B23C782F6009E654D /* Release */ = {
			isa = XCBuildConfiguration;
			baseConfigurationReference = 591C719BEBFD4552AC988EFA /* Pods-HelloMyTopMenu.release.xcconfig */;
			buildSettings = {
				ASSETCATALOG_COMPILER_APPICON_NAME = AppIcon;
				CODE_SIGN_STYLE = Automatic;
				INFOPLIST_FILE = HelloMyTopMenu/Info.plist;
				IPHONEOS_DEPLOYMENT_TARGET = 11.0;
				LD_RUNPATH_SEARCH_PATHS = (
					"$(inherited)",
					"@executable_path/Frameworks",
				);
				PRODUCT_BUNDLE_IDENTIFIER = com.lazy.HelloMyTopMenu;
				PRODUCT_NAME = "$(TARGET_NAME)";
				SWIFT_VERSION = 5.0;
				TARGETED_DEVICE_FAMILY = "1,2";
			};
			name = Release;
		};
/* End XCBuildConfiguration section */

/* Begin XCConfigurationList section */
		632FD14023C782F3009E654D /* Build configuration list for PBXProject "HelloMyTopMenu" */ = {
			isa = XCConfigurationList;
			buildConfigurations = (
				632FD15723C782F6009E654D /* Debug */,
				632FD15823C782F6009E654D /* Release */,
			);
			defaultConfigurationIsVisible = 0;
			defaultConfigurationName = Release;
		};
		632FD15923C782F6009E654D /* Build configuration list for PBXNativeTarget "HelloMyTopMenu" */ = {
			isa = XCConfigurationList;
			buildConfigurations = (
				632FD15A23C782F6009E654D /* Debug */,
				632FD15B23C782F6009E654D /* Release */,
			);
			defaultConfigurationIsVisible = 0;
			defaultConfigurationName = Release;
		};
/* End XCConfigurationList section */
	};
	rootObject = 632FD13D23C782F3009E654D /* Project object */;
}
